
Microsoft Visual Studio Solution File, Format Version 12.00
# Visual Studio 15
VisualStudioVersion = 15.0.28307.168
MinimumVisualStudioVersion = 10.0.40219.1
Project("{FAE04EC0-301F-11D3-BF4B-00C04F79EFBC}") = "DatabaseTestApplication", "DatabaseTestApplication\DatabaseTestApplication.csproj", "{505213D9-BE2A-415C-980A-458243D6F35E}"
EndProject
Project("{FAE04EC0-301F-11D3-BF4B-00C04F79EFBC}") = "DatabaseTestApplication.Test", "DatabaseTestApplication.Test\DatabaseTestApplication.Test.csproj", "{FC8F9A91-58B9-41B3-9D1C-001E5799A039}"
EndProject
Global
	GlobalSection(SolutionConfigurationPlatforms) = preSolution
		Debug|Any CPU = Debug|Any CPU
		Release|Any CPU = Release|Any CPU
	EndGlobalSection
	GlobalSection(ProjectConfigurationPlatforms) = postSolution
		{505213D9-BE2A-415C-980A-458243D6F35E}.Debug|Any CPU.ActiveCfg = Debug|Any CPU
		{505213D9-BE2A-415C-980A-458243D6F35E}.Debug|Any CPU.Build.0 = Debug|Any CPU
		{505213D9-BE2A-415C-980A-458243D6F35E}.Release|Any CPU.ActiveCfg = Release|Any CPU
		{505213D9-BE2A-415C-980A-458243D6F35E}.Release|Any CPU.Build.0 = Release|Any CPU
		{FC8F9A91-58B9-41B3-9D1C-001E5799A039}.Debug|Any CPU.ActiveCfg = Debug|Any CPU
		{FC8F9A91-58B9-41B3-9D1C-001E5799A039}.Debug|Any CPU.Build.0 = Debug|Any CPU
		{FC8F9A91-58B9-41B3-9D1C-001E5799A039}.Release|Any CPU.ActiveCfg = Release|Any CPU
		{FC8F9A91-58B9-41B3-9D1C-001E5799A039}.Release|Any CPU.Build.0 = Release|Any CPU
	EndGlobalSection
	GlobalSection(SolutionProperties) = preSolution
		HideSolutionNode = FALSE
	EndGlobalSection
	GlobalSection(ExtensibilityGlobals) = postSolution
		SolutionGuid = {8DF63934-1912-4A6D-B8FB-2F3283CC15A7}
	EndGlobalSection
EndGlobal
